
Microsoft Visual Studio Solution File, Format Version 12.00
# Visual Studio Version 17
VisualStudioVersion = 17.2.32422.2
MinimumVisualStudioVersion = 10.0.40219.1
Project("{FAE04EC0-301F-11D3-BF4B-00C04F79EFBC}") = "ETE.Blazor.Server", "Server\ETE.Blazor.Server.csproj", "{D7E7648B-DC43-4E36-91AF-2B6158994917}"
EndProject
Project("{FAE04EC0-301F-11D3-BF4B-00C04F79EFBC}") = "ETE.Blazor.Client", "Client\ETE.Blazor.Client.csproj", "{9889D8FA-AFC8-44F4-A11A-5F9F930796B6}"
EndProject
Project("{FAE04EC0-301F-11D3-BF4B-00C04F79EFBC}") = "ETE.Blazor.Shared", "Shared\ETE.Blazor.Shared.csproj", "{911870BB-6674-4B65-9B90-426ABDEE89F3}"
EndProject
Global
	GlobalSection(SolutionConfigurationPlatforms) = preSolution
		Debug|Any CPU = Debug|Any CPU
		Release|Any CPU = Release|Any CPU
	EndGlobalSection
	GlobalSection(ProjectConfigurationPlatforms) = postSolution
		{D7E7648B-DC43-4E36-91AF-2B6158994917}.Debug|Any CPU.ActiveCfg = Debug|Any CPU
		{D7E7648B-DC43-4E36-91AF-2B6158994917}.Debug|Any CPU.Build.0 = Debug|Any CPU
		{D7E7648B-DC43-4E36-91AF-2B6158994917}.Release|Any CPU.ActiveCfg = Release|Any CPU
		{D7E7648B-DC43-4E36-91AF-2B6158994917}.Release|Any CPU.Build.0 = Release|Any CPU
		{9889D8FA-AFC8-44F4-A11A-5F9F930796B6}.Debug|Any CPU.ActiveCfg = Debug|Any CPU
		{9889D8FA-AFC8-44F4-A11A-5F9F930796B6}.Debug|Any CPU.Build.0 = Debug|Any CPU
		{9889D8FA-AFC8-44F4-A11A-5F9F930796B6}.Release|Any CPU.ActiveCfg = Release|Any CPU
		{9889D8FA-AFC8-44F4-A11A-5F9F930796B6}.Release|Any CPU.Build.0 = Release|Any CPU
		{911870BB-6674-4B65-9B90-426ABDEE89F3}.Debug|Any CPU.ActiveCfg = Debug|Any CPU
		{911870BB-6674-4B65-9B90-426ABDEE89F3}.Debug|Any CPU.Build.0 = Debug|Any CPU
		{911870BB-6674-4B65-9B90-426ABDEE89F3}.Release|Any CPU.ActiveCfg = Release|Any CPU
		{911870BB-6674-4B65-9B90-426ABDEE89F3}.Release|Any CPU.Build.0 = Release|Any CPU
	EndGlobalSection
	GlobalSection(SolutionProperties) = preSolution
		HideSolutionNode = FALSE
	EndGlobalSection
	GlobalSection(ExtensibilityGlobals) = postSolution
		SolutionGuid = {04F2A462-6F15-450A-82EA-460A4D288544}
	EndGlobalSection
EndGlobal
